
Microsoft Visual Studio Solution File, Format Version 12.00
# Visual Studio Version 16
VisualStudioVersion = 16.0.29709.97
MinimumVisualStudioVersion = 10.0.40219.1
Project("{FAE04EC0-301F-11D3-BF4B-00C04F79EFBC}") = "EcoLiteDBExport", "EcoLiteDBExport\EcoLiteDBExport.csproj", "{8E6F24DB-78D8-4B15-B1E3-2ECD894ED1CB}"
EndProject
Global
	GlobalSection(SolutionConfigurationPlatforms) = preSolution
		Debug|Any CPU = Debug|Any CPU
		Release|Any CPU = Release|Any CPU
	EndGlobalSection
	GlobalSection(ProjectConfigurationPlatforms) = postSolution
		{8E6F24DB-78D8-4B15-B1E3-2ECD894ED1CB}.Debug|Any CPU.ActiveCfg = Debug|Any CPU
		{8E6F24DB-78D8-4B15-B1E3-2ECD894ED1CB}.Debug|Any CPU.Build.0 = Debug|Any CPU
		{8E6F24DB-78D8-4B15-B1E3-2ECD894ED1CB}.Release|Any CPU.ActiveCfg = Release|Any CPU
		{8E6F24DB-78D8-4B15-B1E3-2ECD894ED1CB}.Release|Any CPU.Build.0 = Release|Any CPU
	EndGlobalSection
	GlobalSection(SolutionProperties) = preSolution
		HideSolutionNode = FALSE
	EndGlobalSection
	GlobalSection(ExtensibilityGlobals) = postSolution
		SolutionGuid = {57F3607D-41B2-4D6A-9ADB-B2AB3CE51CD6}
	EndGlobalSection
EndGlobal
